
Microsoft Visual Studio Solution File, Format Version 12.00
# Visual Studio 15
VisualStudioVersion = 15.0.28010.2046
MinimumVisualStudioVersion = 10.0.40219.1
Project("{FAE04EC0-301F-11D3-BF4B-00C04F79EFBC}") = "Dataanalysis", "Dataanalysis\Dataanalysis.csproj", "{62AAF738-79D5-4BEE-B2CA-4ED62DEC3E72}"
EndProject
Global
	GlobalSection(SolutionConfigurationPlatforms) = preSolution
		Debug|Any CPU = Debug|Any CPU
		Release|Any CPU = Release|Any CPU
	EndGlobalSection
	GlobalSection(ProjectConfigurationPlatforms) = postSolution
		{62AAF738-79D5-4BEE-B2CA-4ED62DEC3E72}.Debug|Any CPU.ActiveCfg = Debug|Any CPU
		{62AAF738-79D5-4BEE-B2CA-4ED62DEC3E72}.Debug|Any CPU.Build.0 = Debug|Any CPU
		{62AAF738-79D5-4BEE-B2CA-4ED62DEC3E72}.Release|Any CPU.ActiveCfg = Release|Any CPU
		{62AAF738-79D5-4BEE-B2CA-4ED62DEC3E72}.Release|Any CPU.Build.0 = Release|Any CPU
	EndGlobalSection
	GlobalSection(SolutionProperties) = preSolution
		HideSolutionNode = FALSE
	EndGlobalSection
	GlobalSection(ExtensibilityGlobals) = postSolution
		SolutionGuid = {2C0DEEB0-7236-4DAB-86D2-EDD21972DB40}
	EndGlobalSection
EndGlobal
